
Microsoft Visual Studio Solution File, Format Version 12.00
Project("{2150E333-8FDC-42A3-9474-1A3956D46DE8}") = "Services", "Services", "{362DB35F-0F66-4B7E-9307-4D4F9D2CD1A5}"
EndProject
Project("{2150E333-8FDC-42A3-9474-1A3956D46DE8}") = "Catalog", "Catalog", "{BA370F42-5971-4FB7-849B-2FA0D2C8E368}"
EndProject
Project("{FAE04EC0-301F-11D3-BF4B-00C04F79EFBC}") = "Catalog.API", "Services\Catalog\Catalog.API\Catalog.API.csproj", "{4FF7E70B-B822-41BD-A2E6-2A98F945745A}"
EndProject
Project("{FAE04EC0-301F-11D3-BF4B-00C04F79EFBC}") = "Catalog.Core", "Services\Catalog\Catalog.Core\Catalog.Core.csproj", "{05248C3D-905A-4E96-A3F6-DB31689F296A}"
EndProject
Project("{FAE04EC0-301F-11D3-BF4B-00C04F79EFBC}") = "Catalog.Application", "Services\Catalog\Catalog.Application\Catalog.Application.csproj", "{71B50724-927F-4C87-B2E4-3CCDCC1BCDBB}"
EndProject
Project("{FAE04EC0-301F-11D3-BF4B-00C04F79EFBC}") = "Catalog.Infrastructure", "Services\Catalog\Catalog.Infrastructure\Catalog.Infrastructure.csproj", "{01554FF1-3CF1-444D-864C-557B3410D7E7}"
EndProject
Project("{E53339B2-1760-4266-BCC7-CA923CBCF16C}") = "docker-compose", "docker-compose.dcproj", "{A92412CF-0A07-452C-9DCF-EF3F436F8FA8}"
EndProject
Project("{2150E333-8FDC-42A3-9474-1A3956D46DE8}") = "Basket", "Basket", "{52BDB85D-F05E-47DE-9069-C91B29E59407}"
EndProject
Project("{FAE04EC0-301F-11D3-BF4B-00C04F79EFBC}") = "Basket.Application", "Services\Basket\Basket.Application\Basket.Application.csproj", "{BD658F39-03CB-4D8E-9F64-29194218AEF5}"
EndProject
Project("{FAE04EC0-301F-11D3-BF4B-00C04F79EFBC}") = "Basket.Core", "Services\Basket\Basket.Core\Basket.Core.csproj", "{EFFC2F34-68B6-4784-9EF4-4AB82C5F54E5}"
EndProject
Project("{FAE04EC0-301F-11D3-BF4B-00C04F79EFBC}") = "Basket.Infrastructure", "Services\Basket\Basket.Infrastructure\Basket.Infrastructure.csproj", "{51BB8C6C-636B-4512-AC37-E01C8370B497}"
EndProject
Project("{FAE04EC0-301F-11D3-BF4B-00C04F79EFBC}") = "Basket.API", "Services\Basket\Basket.API\Basket.API.csproj", "{3A1BF90B-DAB3-4077-B807-C83D55E3C7D8}"
EndProject
Project("{2150E333-8FDC-42A3-9474-1A3956D46DE8}") = "Discount", "Discount", "{C97D5C2A-A8F7-4DF2-B1F0-749E9B54B88D}"
EndProject
Project("{FAE04EC0-301F-11D3-BF4B-00C04F79EFBC}") = "Discount.API", "Services\Discount\Discount.API\Discount.API.csproj", "{7C711D1F-9686-499F-9655-9D3E6CC9C445}"
EndProject
Project("{FAE04EC0-301F-11D3-BF4B-00C04F79EFBC}") = "Discount.Core", "Services\Discount\Discount.Core\Discount.Core.csproj", "{C2808F07-2239-431B-8FE8-8132EC89E248}"
EndProject
Project("{FAE04EC0-301F-11D3-BF4B-00C04F79EFBC}") = "Discount.Application", "Services\Discount\Discount.Application\Discount.Application.csproj", "{E4329AE6-6F7E-458E-A4CC-05BA247E94B6}"
EndProject
Project("{FAE04EC0-301F-11D3-BF4B-00C04F79EFBC}") = "Discount.Infrastructure", "Services\Discount\Discount.Infrastructure\Discount.Infrastructure.csproj", "{58BB3340-743E-4D0E-8CB3-7898E59FA30E}"
EndProject
Project("{2150E333-8FDC-42A3-9474-1A3956D46DE8}") = "Ordering", "Ordering", "{7BF29ABE-E32D-4695-AE55-82F775871915}"
EndProject
Project("{FAE04EC0-301F-11D3-BF4B-00C04F79EFBC}") = "Ordering.API", "Services\Ordering\Ordering.API\Ordering.API.csproj", "{416EE1DE-82EB-4294-B148-A836392B696F}"
EndProject
Project("{FAE04EC0-301F-11D3-BF4B-00C04F79EFBC}") = "Ordering.Application", "Services\Ordering\Ordering.Application\Ordering.Application.csproj", "{E503DF27-9FBD-45D7-B3FE-18D1938796D5}"
EndProject
Project("{FAE04EC0-301F-11D3-BF4B-00C04F79EFBC}") = "Ordering.Core", "Services\Ordering\Ordering.Core\Ordering.Core.csproj", "{1AB9E17C-AF51-4C99-BFC1-CA5B3C1ACB25}"
EndProject
Project("{FAE04EC0-301F-11D3-BF4B-00C04F79EFBC}") = "Ordering.Infrastructure", "Services\Ordering\Ordering.Infrastructure\Ordering.Infrastructure.csproj", "{6FD93448-6122-4ACB-9125-51ED67177EBC}"
EndProject
Project("{2150E333-8FDC-42A3-9474-1A3956D46DE8}") = "Infrastructure", "Infrastructure", "{067D98E3-3CA0-484E-973E-8A413C38CD19}"
EndProject
Project("{FAE04EC0-301F-11D3-BF4B-00C04F79EFBC}") = "EventBus.Messages", "Infrastructure\EventBus.Messages\EventBus.Messages.csproj", "{1208CE4F-98F0-4B5B-8347-1445612C970A}"
EndProject
Project("{2150E333-8FDC-42A3-9474-1A3956D46DE8}") = "ApiGateways", "ApiGateways", "{D5E68F36-BEE1-4F3B-A994-47CE55EEA940}"
EndProject
Project("{FAE04EC0-301F-11D3-BF4B-00C04F79EFBC}") = "Ocelot.ApiGateway", "ApiGateways\Ocelot.ApiGateway\Ocelot.ApiGateway.csproj", "{014F4DCC-120F-4CF1-A623-C0BF31242173}"
EndProject
Global
	GlobalSection(SolutionConfigurationPlatforms) = preSolution
		Debug|Any CPU = Debug|Any CPU
		Release|Any CPU = Release|Any CPU
	EndGlobalSection
	GlobalSection(NestedProjects) = preSolution
		{BA370F42-5971-4FB7-849B-2FA0D2C8E368} = {362DB35F-0F66-4B7E-9307-4D4F9D2CD1A5}
		{4FF7E70B-B822-41BD-A2E6-2A98F945745A} = {BA370F42-5971-4FB7-849B-2FA0D2C8E368}
		{05248C3D-905A-4E96-A3F6-DB31689F296A} = {BA370F42-5971-4FB7-849B-2FA0D2C8E368}
		{71B50724-927F-4C87-B2E4-3CCDCC1BCDBB} = {BA370F42-5971-4FB7-849B-2FA0D2C8E368}
		{01554FF1-3CF1-444D-864C-557B3410D7E7} = {BA370F42-5971-4FB7-849B-2FA0D2C8E368}
		{52BDB85D-F05E-47DE-9069-C91B29E59407} = {362DB35F-0F66-4B7E-9307-4D4F9D2CD1A5}
		{BD658F39-03CB-4D8E-9F64-29194218AEF5} = {52BDB85D-F05E-47DE-9069-C91B29E59407}
		{EFFC2F34-68B6-4784-9EF4-4AB82C5F54E5} = {52BDB85D-F05E-47DE-9069-C91B29E59407}
		{51BB8C6C-636B-4512-AC37-E01C8370B497} = {52BDB85D-F05E-47DE-9069-C91B29E59407}
		{3A1BF90B-DAB3-4077-B807-C83D55E3C7D8} = {52BDB85D-F05E-47DE-9069-C91B29E59407}
		{C97D5C2A-A8F7-4DF2-B1F0-749E9B54B88D} = {362DB35F-0F66-4B7E-9307-4D4F9D2CD1A5}
		{7C711D1F-9686-499F-9655-9D3E6CC9C445} = {C97D5C2A-A8F7-4DF2-B1F0-749E9B54B88D}
		{C2808F07-2239-431B-8FE8-8132EC89E248} = {C97D5C2A-A8F7-4DF2-B1F0-749E9B54B88D}
		{E4329AE6-6F7E-458E-A4CC-05BA247E94B6} = {C97D5C2A-A8F7-4DF2-B1F0-749E9B54B88D}
		{58BB3340-743E-4D0E-8CB3-7898E59FA30E} = {C97D5C2A-A8F7-4DF2-B1F0-749E9B54B88D}
		{7BF29ABE-E32D-4695-AE55-82F775871915} = {362DB35F-0F66-4B7E-9307-4D4F9D2CD1A5}
		{416EE1DE-82EB-4294-B148-A836392B696F} = {7BF29ABE-E32D-4695-AE55-82F775871915}
		{E503DF27-9FBD-45D7-B3FE-18D1938796D5} = {7BF29ABE-E32D-4695-AE55-82F775871915}
		{1AB9E17C-AF51-4C99-BFC1-CA5B3C1ACB25} = {7BF29ABE-E32D-4695-AE55-82F775871915}
		{6FD93448-6122-4ACB-9125-51ED67177EBC} = {7BF29ABE-E32D-4695-AE55-82F775871915}
		{1208CE4F-98F0-4B5B-8347-1445612C970A} = {067D98E3-3CA0-484E-973E-8A413C38CD19}
		{014F4DCC-120F-4CF1-A623-C0BF31242173} = {D5E68F36-BEE1-4F3B-A994-47CE55EEA940}
	EndGlobalSection
	GlobalSection(ProjectConfigurationPlatforms) = postSolution
		{4FF7E70B-B822-41BD-A2E6-2A98F945745A}.Debug|Any CPU.ActiveCfg = Debug|Any CPU
		{4FF7E70B-B822-41BD-A2E6-2A98F945745A}.Debug|Any CPU.Build.0 = Debug|Any CPU
		{4FF7E70B-B822-41BD-A2E6-2A98F945745A}.Release|Any CPU.ActiveCfg = Release|Any CPU
		{4FF7E70B-B822-41BD-A2E6-2A98F945745A}.Release|Any CPU.Build.0 = Release|Any CPU
		{05248C3D-905A-4E96-A3F6-DB31689F296A}.Debug|Any CPU.ActiveCfg = Debug|Any CPU
		{05248C3D-905A-4E96-A3F6-DB31689F296A}.Debug|Any CPU.Build.0 = Debug|Any CPU
		{05248C3D-905A-4E96-A3F6-DB31689F296A}.Release|Any CPU.ActiveCfg = Release|Any CPU
		{05248C3D-905A-4E96-A3F6-DB31689F296A}.Release|Any CPU.Build.0 = Release|Any CPU
		{71B50724-927F-4C87-B2E4-3CCDCC1BCDBB}.Debug|Any CPU.ActiveCfg = Debug|Any CPU
		{71B50724-927F-4C87-B2E4-3CCDCC1BCDBB}.Debug|Any CPU.Build.0 = Debug|Any CPU
		{71B50724-927F-4C87-B2E4-3CCDCC1BCDBB}.Release|Any CPU.ActiveCfg = Release|Any CPU
		{71B50724-927F-4C87-B2E4-3CCDCC1BCDBB}.Release|Any CPU.Build.0 = Release|Any CPU
		{01554FF1-3CF1-444D-864C-557B3410D7E7}.Debug|Any CPU.ActiveCfg = Debug|Any CPU
		{01554FF1-3CF1-444D-864C-557B3410D7E7}.Debug|Any CPU.Build.0 = Debug|Any CPU
		{01554FF1-3CF1-444D-864C-557B3410D7E7}.Release|Any CPU.ActiveCfg = Release|Any CPU
		{01554FF1-3CF1-444D-864C-557B3410D7E7}.Release|Any CPU.Build.0 = Release|Any CPU
		{BD658F39-03CB-4D8E-9F64-29194218AEF5}.Debug|Any CPU.ActiveCfg = Debug|Any CPU
		{BD658F39-03CB-4D8E-9F64-29194218AEF5}.Debug|Any CPU.Build.0 = Debug|Any CPU
		{BD658F39-03CB-4D8E-9F64-29194218AEF5}.Release|Any CPU.ActiveCfg = Release|Any CPU
		{BD658F39-03CB-4D8E-9F64-29194218AEF5}.Release|Any CPU.Build.0 = Release|Any CPU
		{EFFC2F34-68B6-4784-9EF4-4AB82C5F54E5}.Debug|Any CPU.ActiveCfg = Debug|Any CPU
		{EFFC2F34-68B6-4784-9EF4-4AB82C5F54E5}.Debug|Any CPU.Build.0 = Debug|Any CPU
		{EFFC2F34-68B6-4784-9EF4-4AB82C5F54E5}.Release|Any CPU.ActiveCfg = Release|Any CPU
		{EFFC2F34-68B6-4784-9EF4-4AB82C5F54E5}.Release|Any CPU.Build.0 = Release|Any CPU
		{51BB8C6C-636B-4512-AC37-E01C8370B497}.Debug|Any CPU.ActiveCfg = Debug|Any CPU
		{51BB8C6C-636B-4512-AC37-E01C8370B497}.Debug|Any CPU.Build.0 = Debug|Any CPU
		{51BB8C6C-636B-4512-AC37-E01C8370B497}.Release|Any CPU.ActiveCfg = Release|Any CPU
		{51BB8C6C-636B-4512-AC37-E01C8370B497}.Release|Any CPU.Build.0 = Release|Any CPU
		{3A1BF90B-DAB3-4077-B807-C83D55E3C7D8}.Debug|Any CPU.ActiveCfg = Debug|Any CPU
		{3A1BF90B-DAB3-4077-B807-C83D55E3C7D8}.Debug|Any CPU.Build.0 = Debug|Any CPU
		{3A1BF90B-DAB3-4077-B807-C83D55E3C7D8}.Release|Any CPU.ActiveCfg = Release|Any CPU
		{3A1BF90B-DAB3-4077-B807-C83D55E3C7D8}.Release|Any CPU.Build.0 = Release|Any CPU
		{7C711D1F-9686-499F-9655-9D3E6CC9C445}.Debug|Any CPU.ActiveCfg = Debug|Any CPU
		{7C711D1F-9686-499F-9655-9D3E6CC9C445}.Debug|Any CPU.Build.0 = Debug|Any CPU
		{7C711D1F-9686-499F-9655-9D3E6CC9C445}.Release|Any CPU.ActiveCfg = Release|Any CPU
		{7C711D1F-9686-499F-9655-9D3E6CC9C445}.Release|Any CPU.Build.0 = Release|Any CPU
		{C2808F07-2239-431B-8FE8-8132EC89E248}.Debug|Any CPU.ActiveCfg = Debug|Any CPU
		{C2808F07-2239-431B-8FE8-8132EC89E248}.Debug|Any CPU.Build.0 = Debug|Any CPU
		{C2808F07-2239-431B-8FE8-8132EC89E248}.Release|Any CPU.ActiveCfg = Release|Any CPU
		{C2808F07-2239-431B-8FE8-8132EC89E248}.Release|Any CPU.Build.0 = Release|Any CPU
		{E4329AE6-6F7E-458E-A4CC-05BA247E94B6}.Debug|Any CPU.ActiveCfg = Debug|Any CPU
		{E4329AE6-6F7E-458E-A4CC-05BA247E94B6}.Debug|Any CPU.Build.0 = Debug|Any CPU
		{E4329AE6-6F7E-458E-A4CC-05BA247E94B6}.Release|Any CPU.ActiveCfg = Release|Any CPU
		{E4329AE6-6F7E-458E-A4CC-05BA247E94B6}.Release|Any CPU.Build.0 = Release|Any CPU
		{58BB3340-743E-4D0E-8CB3-7898E59FA30E}.Debug|Any CPU.ActiveCfg = Debug|Any CPU
		{58BB3340-743E-4D0E-8CB3-7898E59FA30E}.Debug|Any CPU.Build.0 = Debug|Any CPU
		{58BB3340-743E-4D0E-8CB3-7898E59FA30E}.Release|Any CPU.ActiveCfg = Release|Any CPU
		{58BB3340-743E-4D0E-8CB3-7898E59FA30E}.Release|Any CPU.Build.0 = Release|Any CPU
		{416EE1DE-82EB-4294-B148-A836392B696F}.Debug|Any CPU.ActiveCfg = Debug|Any CPU
		{416EE1DE-82EB-4294-B148-A836392B696F}.Debug|Any CPU.Build.0 = Debug|Any CPU
		{416EE1DE-82EB-4294-B148-A836392B696F}.Release|Any CPU.ActiveCfg = Release|Any CPU
		{416EE1DE-82EB-4294-B148-A836392B696F}.Release|Any CPU.Build.0 = Release|Any CPU
		{E503DF27-9FBD-45D7-B3FE-18D1938796D5}.Debug|Any CPU.ActiveCfg = Debug|Any CPU
		{E503DF27-9FBD-45D7-B3FE-18D1938796D5}.Debug|Any CPU.Build.0 = Debug|Any CPU
		{E503DF27-9FBD-45D7-B3FE-18D1938796D5}.Release|Any CPU.ActiveCfg = Release|Any CPU
		{E503DF27-9FBD-45D7-B3FE-18D1938796D5}.Release|Any CPU.Build.0 = Release|Any CPU
		{1AB9E17C-AF51-4C99-BFC1-CA5B3C1ACB25}.Debug|Any CPU.ActiveCfg = Debug|Any CPU
		{1AB9E17C-AF51-4C99-BFC1-CA5B3C1ACB25}.Debug|Any CPU.Build.0 = Debug|Any CPU
		{1AB9E17C-AF51-4C99-BFC1-CA5B3C1ACB25}.Release|Any CPU.ActiveCfg = Release|Any CPU
		{1AB9E17C-AF51-4C99-BFC1-CA5B3C1ACB25}.Release|Any CPU.Build.0 = Release|Any CPU
		{6FD93448-6122-4ACB-9125-51ED67177EBC}.Debug|Any CPU.ActiveCfg = Debug|Any CPU
		{6FD93448-6122-4ACB-9125-51ED67177EBC}.Debug|Any CPU.Build.0 = Debug|Any CPU
		{6FD93448-6122-4ACB-9125-51ED67177EBC}.Release|Any CPU.ActiveCfg = Release|Any CPU
		{6FD93448-6122-4ACB-9125-51ED67177EBC}.Release|Any CPU.Build.0 = Release|Any CPU
		{1208CE4F-98F0-4B5B-8347-1445612C970A}.Debug|Any CPU.ActiveCfg = Debug|Any CPU
		{1208CE4F-98F0-4B5B-8347-1445612C970A}.Debug|Any CPU.Build.0 = Debug|Any CPU
		{1208CE4F-98F0-4B5B-8347-1445612C970A}.Release|Any CPU.ActiveCfg = Release|Any CPU
		{1208CE4F-98F0-4B5B-8347-1445612C970A}.Release|Any CPU.Build.0 = Release|Any CPU
		{014F4DCC-120F-4CF1-A623-C0BF31242173}.Debug|Any CPU.ActiveCfg = Debug|Any CPU
		{014F4DCC-120F-4CF1-A623-C0BF31242173}.Debug|Any CPU.Build.0 = Debug|Any CPU
		{014F4DCC-120F-4CF1-A623-C0BF31242173}.Release|Any CPU.ActiveCfg = Release|Any CPU
		{014F4DCC-120F-4CF1-A623-C0BF31242173}.Release|Any CPU.Build.0 = Release|Any CPU
	EndGlobalSection
EndGlobal
